// !$*UTF8*$!
{
	archiveVersion = 1;
	classes = {
	};
	objectVersion = 77;
	objects = {

/* Begin PBXBuildFile section */
		0314E4B0095D1941EC7601DA /* Foundation.framework in Frameworks */ = {isa = PBXBuildFile; fileRef = B89C45431EF3AD40FA2A7409 /* Foundation.framework */; };
		07463F047DF3E78AFC7A41D9 /* IntentionsWidget.swift in Sources */ = {isa = PBXBuildFile; fileRef = 45953884F18B0FC81211A15B /* IntentionsWidget.swift */; };
		0B7553D4B06FE641D1D4A7A8 /* MemoryEchoCore in Frameworks */ = {isa = PBXBuildFile; productRef = 5F4B5E36EEF3D382098E3575 /* MemoryEchoCore */; };
		4BA34413FFABDC49F446EBEA /* MemoryEchoCore in Frameworks */ = {isa = PBXBuildFile; productRef = 2CB18D2066C98A703DDF84B3 /* MemoryEchoCore */; };
		4FE456FBC718AD629856D314 /* MemoryEchoWidget.appex in Embed Foundation Extensions */ = {isa = PBXBuildFile; fileRef = 62C3C238606774A7F9FE33F2 /* MemoryEchoWidget.appex */; settings = {ATTRIBUTES = (RemoveHeadersOnCopy, ); }; };
		6DB5BFEAE3B72D2E97DD97FD /* MemoryEchoWidgetBundle.swift in Sources */ = {isa = PBXBuildFile; fileRef = D57048650784C540AFED496C /* MemoryEchoWidgetBundle.swift */; };
		87663B8BE86ED1DC9EF0F0E8 /* WidgetShared.swift in Sources */ = {isa = PBXBuildFile; fileRef = 7CD2893266832EB2FEFC62F8 /* WidgetShared.swift */; };
		9091C5AB51C2E2A54BFFE6FA /* OverviewWidget.swift in Sources */ = {isa = PBXBuildFile; fileRef = 86B0E536CBB3401A55CB7BF7 /* OverviewWidget.swift */; };
		BDC5C06C4DBFF605698041B3 /* MemoryEchoCore in Frameworks */ = {isa = PBXBuildFile; productRef = 778AC8C0EAE7CBFE63B0CFE8 /* MemoryEchoCore */; };
		DD1D806505BFA892E093C83F /* TasksWidget.swift in Sources */ = {isa = PBXBuildFile; fileRef = 03824F5F6001201762BF4F5B /* TasksWidget.swift */; };
/* End PBXBuildFile section */

/* Begin PBXContainerItemProxy section */
		07760387F8092F3536ECF09C /* PBXContainerItemProxy */ = {
			isa = PBXContainerItemProxy;
			containerPortal = BB1C96572FEC72FF00ABE0FA /* Project object */;
			proxyType = 1;
			remoteGlobalIDString = 3C571313489A0A98FCADCFC1;
			remoteInfo = MemoryEchoWidget;
		};
		BB1C96792FEC730000ABE0FA /* PBXContainerItemProxy */ = {
			isa = PBXContainerItemProxy;
			containerPortal = BB1C96572FEC72FF00ABE0FA /* Project object */;
			proxyType = 1;
			remoteGlobalIDString = BB1C965E2FEC72FF00ABE0FA;
			remoteInfo = MemoryEcho;
		};
/* End PBXContainerItemProxy section */

/* Begin PBXCopyFilesBuildPhase section */
		A87F9EDBF9F9BBDF92DBB4F2 /* Embed Foundation Extensions */ = {
			isa = PBXCopyFilesBuildPhase;
			buildActionMask = 2147483647;
			dstPath = "";
			dstSubfolderSpec = 13;
			files = (
				4FE456FBC718AD629856D314 /* MemoryEchoWidget.appex in Embed Foundation Extensions */,
			);
			name = "Embed Foundation Extensions";
			runOnlyForDeploymentPostprocessing = 0;
		};
/* End PBXCopyFilesBuildPhase section */

/* Begin PBXFileReference section */
		03824F5F6001201762BF4F5B /* TasksWidget.swift */ = {isa = PBXFileReference; includeInIndex = 1; lastKnownFileType = sourcecode.swift; path = TasksWidget.swift; sourceTree = "<group>"; };
		40E0126F1D87453EB372A451 /* Info.plist */ = {isa = PBXFileReference; includeInIndex = 1; lastKnownFileType = text.plist.xml; path = Info.plist; sourceTree = "<group>"; };
		45953884F18B0FC81211A15B /* IntentionsWidget.swift */ = {isa = PBXFileReference; includeInIndex = 1; lastKnownFileType = sourcecode.swift; path = IntentionsWidget.swift; sourceTree = "<group>"; };
		62C3C238606774A7F9FE33F2 /* MemoryEchoWidget.appex */ = {isa = PBXFileReference; explicitFileType = "wrapper.app-extension"; includeInIndex = 0; path = MemoryEchoWidget.appex; sourceTree = BUILT_PRODUCTS_DIR; };
		7CD2893266832EB2FEFC62F8 /* WidgetShared.swift */ = {isa = PBXFileReference; includeInIndex = 1; lastKnownFileType = sourcecode.swift; path = WidgetShared.swift; sourceTree = "<group>"; };
		86B0E536CBB3401A55CB7BF7 /* OverviewWidget.swift */ = {isa = PBXFileReference; includeInIndex = 1; lastKnownFileType = sourcecode.swift; path = OverviewWidget.swift; sourceTree = "<group>"; };
		B89C45431EF3AD40FA2A7409 /* Foundation.framework */ = {isa = PBXFileReference; lastKnownFileType = wrapper.framework; name = Foundation.framework; path = Platforms/iPhoneOS.platform/Developer/SDKs/iPhoneOS18.0.sdk/System/Library/Frameworks/Foundation.framework; sourceTree = DEVELOPER_DIR; };
		BB1C965F2FEC72FF00ABE0FA /* MemoryEcho.app */ = {isa = PBXFileReference; explicitFileType = wrapper.application; includeInIndex = 0; path = MemoryEcho.app; sourceTree = BUILT_PRODUCTS_DIR; };
		BB1C966E2FEC730000ABE0FA /* MemoryEchoTests.xctest */ = {isa = PBXFileReference; explicitFileType = wrapper.cfbundle; includeInIndex = 0; path = MemoryEchoTests.xctest; sourceTree = BUILT_PRODUCTS_DIR; };
		BB1C96782FEC730000ABE0FA /* MemoryEchoUITests.xctest */ = {isa = PBXFileReference; explicitFileType = wrapper.cfbundle; includeInIndex = 0; path = MemoryEchoUITests.xctest; sourceTree = BUILT_PRODUCTS_DIR; };
		D57048650784C540AFED496C /* MemoryEchoWidgetBundle.swift */ = {isa = PBXFileReference; includeInIndex = 1; lastKnownFileType = sourcecode.swift; path = MemoryEchoWidgetBundle.swift; sourceTree = "<group>"; };
		ED8CBE9828F3906DA2576A7E /* MemoryEchoWidget.entitlements */ = {isa = PBXFileReference; includeInIndex = 1; lastKnownFileType = text.plist.entitlements; path = MemoryEchoWidget.entitlements; sourceTree = "<group>"; };
/* End PBXFileReference section */

/* Begin PBXFileSystemSynchronizedRootGroup section */
		BB1C96612FEC72FF00ABE0FA /* MemoryEcho */ = {
			isa = PBXFileSystemSynchronizedRootGroup;
			exceptions = (
			);
			path = MemoryEcho;
			sourceTree = "<group>";
		};
		BB1C96712FEC730000ABE0FA /* MemoryEchoTests */ = {
			isa = PBXFileSystemSynchronizedRootGroup;
			exceptions = (
			);
			path = MemoryEchoTests;
			sourceTree = "<group>";
		};
		BB1C967B2FEC730000ABE0FA /* MemoryEchoUITests */ = {
			isa = PBXFileSystemSynchronizedRootGroup;
			exceptions = (
			);
			path = MemoryEchoUITests;
			sourceTree = "<group>";
		};
/* End PBXFileSystemSynchronizedRootGroup section */

/* Begin PBXFrameworksBuildPhase section */
		BB1C965C2FEC72FF00ABE0FA /* Frameworks */ = {
			isa = PBXFrameworksBuildPhase;
			buildActionMask = 2147483647;
			files = (
				4BA34413FFABDC49F446EBEA /* MemoryEchoCore in Frameworks */,
			);
			runOnlyForDeploymentPostprocessing = 0;
		};
		BB1C966B2FEC730000ABE0FA /* Frameworks */ = {
			isa = PBXFrameworksBuildPhase;
			buildActionMask = 2147483647;
			files = (
				0B7553D4B06FE641D1D4A7A8 /* MemoryEchoCore in Frameworks */,
			);
			runOnlyForDeploymentPostprocessing = 0;
		};
		BB1C96752FEC730000ABE0FA /* Frameworks */ = {
			isa = PBXFrameworksBuildPhase;
			buildActionMask = 2147483647;
			files = (
			);
			runOnlyForDeploymentPostprocessing = 0;
		};
		F1741E363CFF146952732322 /* Frameworks */ = {
			isa = PBXFrameworksBuildPhase;
			buildActionMask = 2147483647;
			files = (
				0314E4B0095D1941EC7601DA /* Foundation.framework in Frameworks */,
				BDC5C06C4DBFF605698041B3 /* MemoryEchoCore in Frameworks */,
			);
			runOnlyForDeploymentPostprocessing = 0;
		};
/* End PBXFrameworksBuildPhase section */

/* Begin PBXGroup section */
		79815B719F5EDD482C57F7C3 /* MemoryEchoWidget */ = {
			isa = PBXGroup;
			children = (
				D57048650784C540AFED496C /* MemoryEchoWidgetBundle.swift */,
				40E0126F1D87453EB372A451 /* Info.plist */,
				ED8CBE9828F3906DA2576A7E /* MemoryEchoWidget.entitlements */,
				7CD2893266832EB2FEFC62F8 /* WidgetShared.swift */,
				03824F5F6001201762BF4F5B /* TasksWidget.swift */,
				45953884F18B0FC81211A15B /* IntentionsWidget.swift */,
				86B0E536CBB3401A55CB7BF7 /* OverviewWidget.swift */,
			);
			path = MemoryEchoWidget;
			sourceTree = "<group>";
		};
		A9F9F0F4783411C5B8536DB6 /* iOS */ = {
			isa = PBXGroup;
			children = (
				B89C45431EF3AD40FA2A7409 /* Foundation.framework */,
			);
			name = iOS;
			sourceTree = "<group>";
		};
		BB1C96562FEC72FF00ABE0FA = {
			isa = PBXGroup;
			children = (
				BB1C96612FEC72FF00ABE0FA /* MemoryEcho */,
				BB1C96712FEC730000ABE0FA /* MemoryEchoTests */,
				BB1C967B2FEC730000ABE0FA /* MemoryEchoUITests */,
				BB1C96602FEC72FF00ABE0FA /* Products */,
				BB75DD978FB854D104736ED6 /* Frameworks */,
				79815B719F5EDD482C57F7C3 /* MemoryEchoWidget */,
			);
			sourceTree = "<group>";
		};
		BB1C96602FEC72FF00ABE0FA /* Products */ = {
			isa = PBXGroup;
			children = (
				BB1C965F2FEC72FF00ABE0FA /* MemoryEcho.app */,
				BB1C966E2FEC730000ABE0FA /* MemoryEchoTests.xctest */,
				BB1C96782FEC730000ABE0FA /* MemoryEchoUITests.xctest */,
				62C3C238606774A7F9FE33F2 /* MemoryEchoWidget.appex */,
			);
			name = Products;
			sourceTree = "<group>";
		};
		BB75DD978FB854D104736ED6 /* Frameworks */ = {
			isa = PBXGroup;
			children = (
				A9F9F0F4783411C5B8536DB6 /* iOS */,
			);
			name = Frameworks;
			sourceTree = "<group>";
		};
/* End PBXGroup section */

/* Begin PBXNativeTarget section */
		3C571313489A0A98FCADCFC1 /* MemoryEchoWidget */ = {
			isa = PBXNativeTarget;
			buildConfigurationList = 1C87C2226DC787655BE2609A /* Build configuration list for PBXNativeTarget "MemoryEchoWidget" */;
			buildPhases = (
				F99F3F183DCF7152420555E0 /* Sources */,
				F1741E363CFF146952732322 /* Frameworks */,
				E885233FF08F43BFB89AC8D9 /* Resources */,
			);
			buildRules = (
			);
			dependencies = (
			);
			name = MemoryEchoWidget;
			packageProductDependencies = (
				778AC8C0EAE7CBFE63B0CFE8 /* MemoryEchoCore */,
			);
			productName = MemoryEchoWidget;
			productReference = 62C3C238606774A7F9FE33F2 /* MemoryEchoWidget.appex */;
			productType = "com.apple.product-type.app-extension";
		};
		BB1C965E2FEC72FF00ABE0FA /* MemoryEcho */ = {
			isa = PBXNativeTarget;
			buildConfigurationList = BB1C96822FEC730000ABE0FA /* Build configuration list for PBXNativeTarget "MemoryEcho" */;
			buildPhases = (
				BB1C965B2FEC72FF00ABE0FA /* Sources */,
				BB1C965C2FEC72FF00ABE0FA /* Frameworks */,
				BB1C965D2FEC72FF00ABE0FA /* Resources */,
				A87F9EDBF9F9BBDF92DBB4F2 /* Embed Foundation Extensions */,
			);
			buildRules = (
			);
			dependencies = (
				3B3FCA47E65D5993C6212EED /* PBXTargetDependency */,
			);
			fileSystemSynchronizedGroups = (
				BB1C96612FEC72FF00ABE0FA /* MemoryEcho */,
			);
			name = MemoryEcho;
			packageProductDependencies = (
				2CB18D2066C98A703DDF84B3 /* MemoryEchoCore */,
			);
			productName = MemoryEcho;
			productReference = BB1C965F2FEC72FF00ABE0FA /* MemoryEcho.app */;
			productType = "com.apple.product-type.application";
		};
		BB1C966D2FEC730000ABE0FA /* MemoryEchoTests */ = {
			isa = PBXNativeTarget;
			buildConfigurationList = BB1C96852FEC730000ABE0FA /* Build configuration list for PBXNativeTarget "MemoryEchoTests" */;
			buildPhases = (
				BB1C966A2FEC730000ABE0FA /* Sources */,
				BB1C966B2FEC730000ABE0FA /* Frameworks */,
				BB1C966C2FEC730000ABE0FA /* Resources */,
			);
			buildRules = (
			);
			dependencies = (
			);
			fileSystemSynchronizedGroups = (
				BB1C96712FEC730000ABE0FA /* MemoryEchoTests */,
			);
			name = MemoryEchoTests;
			packageProductDependencies = (
				5F4B5E36EEF3D382098E3575 /* MemoryEchoCore */,
			);
			productName = MemoryEchoTests;
			productReference = BB1C966E2FEC730000ABE0FA /* MemoryEchoTests.xctest */;
			productType = "com.apple.product-type.bundle.unit-test";
		};
		BB1C96772FEC730000ABE0FA /* MemoryEchoUITests */ = {
			isa = PBXNativeTarget;
			buildConfigurationList = BB1C96882FEC730000ABE0FA /* Build configuration list for PBXNativeTarget "MemoryEchoUITests" */;
			buildPhases = (
				BB1C96742FEC730000ABE0FA /* Sources */,
				BB1C96752FEC730000ABE0FA /* Frameworks */,
				BB1C96762FEC730000ABE0FA /* Resources */,
			);
			buildRules = (
			);
			dependencies = (
				BB1C967A2FEC730000ABE0FA /* PBXTargetDependency */,
			);
			fileSystemSynchronizedGroups = (
				BB1C967B2FEC730000ABE0FA /* MemoryEchoUITests */,
			);
			name = MemoryEchoUITests;
			productName = MemoryEchoUITests;
			productReference = BB1C96782FEC730000ABE0FA /* MemoryEchoUITests.xctest */;
			productType = "com.apple.product-type.bundle.ui-testing";
		};
/* End PBXNativeTarget section */

/* Begin PBXProject section */
		BB1C96572FEC72FF00ABE0FA /* Project object */ = {
			isa = PBXProject;
			attributes = {
				BuildIndependentTargetsInParallel = 1;
				LastSwiftUpdateCheck = 2650;
				LastUpgradeCheck = 2650;
				TargetAttributes = {
					BB1C965E2FEC72FF00ABE0FA = {
						CreatedOnToolsVersion = 26.5;
					};
					BB1C966D2FEC730000ABE0FA = {
						CreatedOnToolsVersion = 26.5;
						TestTargetID = BB1C965E2FEC72FF00ABE0FA;
					};
					BB1C96772FEC730000ABE0FA = {
						CreatedOnToolsVersion = 26.5;
						TestTargetID = BB1C965E2FEC72FF00ABE0FA;
					};
				};
			};
			buildConfigurationList = BB1C965A2FEC72FF00ABE0FA /* Build configuration list for PBXProject "MemoryEcho" */;
			developmentRegion = en;
			hasScannedForEncodings = 0;
			knownRegions = (
				en,
				Base,
			);
			mainGroup = BB1C96562FEC72FF00ABE0FA;
			minimizedProjectReferenceProxies = 1;
			packageReferences = (
				D06247D27159D91F81C0EEC6 /* XCLocalSwiftPackageReference "MemoryEchoCore" */,
			);
			preferredProjectObjectVersion = 77;
			productRefGroup = BB1C96602FEC72FF00ABE0FA /* Products */;
			projectDirPath = "";
			projectRoot = "";
			targets = (
				BB1C965E2FEC72FF00ABE0FA /* MemoryEcho */,
				BB1C966D2FEC730000ABE0FA /* MemoryEchoTests */,
				BB1C96772FEC730000ABE0FA /* MemoryEchoUITests */,
				3C571313489A0A98FCADCFC1 /* MemoryEchoWidget */,
			);
		};
/* End PBXProject section */

/* Begin PBXResourcesBuildPhase section */
		BB1C965D2FEC72FF00ABE0FA /* Resources */ = {
			isa = PBXResourcesBuildPhase;
			buildActionMask = 2147483647;
			files = (
			);
			runOnlyForDeploymentPostprocessing = 0;
		};
		BB1C966C2FEC730000ABE0FA /* Resources */ = {
			isa = PBXResourcesBuildPhase;
			buildActionMask = 2147483647;
			files = (
			);
			runOnlyForDeploymentPostprocessing = 0;
		};
		BB1C96762FEC730000ABE0FA /* Resources */ = {
			isa = PBXResourcesBuildPhase;
			buildActionMask = 2147483647;
			files = (
			);
			runOnlyForDeploymentPostprocessing = 0;
		};
		E885233FF08F43BFB89AC8D9 /* Resources */ = {
			isa = PBXResourcesBuildPhase;
			buildActionMask = 2147483647;
			files = (
			);
			runOnlyForDeploymentPostprocessing = 0;
		};
/* End PBXResourcesBuildPhase section */

/* Begin PBXSourcesBuildPhase section */
		BB1C965B2FEC72FF00ABE0FA /* Sources */ = {
			isa = PBXSourcesBuildPhase;
			buildActionMask = 2147483647;
			files = (
			);
			runOnlyForDeploymentPostprocessing = 0;
		};
		BB1C966A2FEC730000ABE0FA /* Sources */ = {
			isa = PBXSourcesBuildPhase;
			buildActionMask = 2147483647;
			files = (
			);
			runOnlyForDeploymentPostprocessing = 0;
		};
		BB1C96742FEC730000ABE0FA /* Sources */ = {
			isa = PBXSourcesBuildPhase;
			buildActionMask = 2147483647;
			files = (
			);
			runOnlyForDeploymentPostprocessing = 0;
		};
		F99F3F183DCF7152420555E0 /* Sources */ = {
			isa = PBXSourcesBuildPhase;
			buildActionMask = 2147483647;
			files = (
				6DB5BFEAE3B72D2E97DD97FD /* MemoryEchoWidgetBundle.swift in Sources */,
				87663B8BE86ED1DC9EF0F0E8 /* WidgetShared.swift in Sources */,
				DD1D806505BFA892E093C83F /* TasksWidget.swift in Sources */,
				07463F047DF3E78AFC7A41D9 /* IntentionsWidget.swift in Sources */,
				9091C5AB51C2E2A54BFFE6FA /* OverviewWidget.swift in Sources */,
			);
			runOnlyForDeploymentPostprocessing = 0;
		};
/* End PBXSourcesBuildPhase section */

/* Begin PBXTargetDependency section */
		3B3FCA47E65D5993C6212EED /* PBXTargetDependency */ = {
			isa = PBXTargetDependency;
			name = MemoryEchoWidget;
			target = 3C571313489A0A98FCADCFC1 /* MemoryEchoWidget */;
			targetProxy = 07760387F8092F3536ECF09C /* PBXContainerItemProxy */;
		};
		BB1C967A2FEC730000ABE0FA /* PBXTargetDependency */ = {
			isa = PBXTargetDependency;
			target = BB1C965E2FEC72FF00ABE0FA /* MemoryEcho */;
			targetProxy = BB1C96792FEC730000ABE0FA /* PBXContainerItemProxy */;
		};
/* End PBXTargetDependency section */

/* Begin XCBuildConfiguration section */
		199A851AA016777C066A4E34 /* Release */ = {
			isa = XCBuildConfiguration;
			buildSettings = {
				CLANG_ENABLE_OBJC_WEAK = NO;
				CODE_SIGN_ENTITLEMENTS = MemoryEchoWidget/MemoryEchoWidget.entitlements;
				CODE_SIGN_STYLE = Automatic;
				CURRENT_PROJECT_VERSION = 1;
				DEVELOPMENT_TEAM = MXWN293YHD;
				GENERATE_INFOPLIST_FILE = NO;
				INFOPLIST_FILE = MemoryEchoWidget/Info.plist;
				IPHONEOS_DEPLOYMENT_TARGET = 26.5;
				LD_RUNPATH_SEARCH_PATHS = (
					"@executable_path/Frameworks",
					"@executable_path/../../Frameworks",
				);
				MARKETING_VERSION = 1.0;
				PRODUCT_BUNDLE_IDENTIFIER = org.mattnitzken.MemoryEcho.Widget;
				PRODUCT_NAME = "$(TARGET_NAME)";
				REGISTER_APP_GROUPS = YES;
				SDKROOT = auto;
				SKIP_INSTALL = YES;
				SUPPORTED_PLATFORMS = "iphoneos iphonesimulator";
				SWIFT_EMIT_LOC_STRINGS = YES;
				SWIFT_VERSION = 5.0;
				TARGETED_DEVICE_FAMILY = 1;
				VALIDATE_PRODUCT = YES;
			};
			name = Release;
		};
		A1E67DFF8FCF66D9511684CF /* Debug */ = {
			isa = XCBuildConfiguration;
			buildSettings = {
				CLANG_ENABLE_OBJC_WEAK = NO;
				CODE_SIGN_ENTITLEMENTS = MemoryEchoWidget/MemoryEchoWidget.entitlements;
				CODE_SIGN_STYLE = Automatic;
				CURRENT_PROJECT_VERSION = 1;
				DEVELOPMENT_TEAM = MXWN293YHD;
				GENERATE_INFOPLIST_FILE = NO;
				INFOPLIST_FILE = MemoryEchoWidget/Info.plist;
				IPHONEOS_DEPLOYMENT_TARGET = 26.5;
				LD_RUNPATH_SEARCH_PATHS = (
					"@executable_path/Frameworks",
					"@executable_path/../../Frameworks",
				);
				MARKETING_VERSION = 1.0;
				PRODUCT_BUNDLE_IDENTIFIER = org.mattnitzken.MemoryEcho.Widget;
				PRODUCT_NAME = "$(TARGET_NAME)";
				REGISTER_APP_GROUPS = YES;
				SDKROOT = auto;
				SKIP_INSTALL = YES;
				SUPPORTED_PLATFORMS = "iphoneos iphonesimulator";
				SWIFT_EMIT_LOC_STRINGS = YES;
				SWIFT_VERSION = 5.0;
				TARGETED_DEVICE_FAMILY = 1;
			};
			name = Debug;
		};
		BB1C96802FEC730000ABE0FA /* Debug */ = {
			isa = XCBuildConfiguration;
			buildSettings = {
				ALWAYS_SEARCH_USER_PATHS = NO;
				ASSETCATALOG_COMPILER_GENERATE_SWIFT_ASSET_SYMBOL_EXTENSIONS = YES;
				CLANG_ANALYZER_NONNULL = YES;
				CLANG_ANALYZER_NUMBER_OBJECT_CONVERSION = YES_AGGRESSIVE;
				CLANG_CXX_LANGUAGE_STANDARD = "gnu++20";
				CLANG_ENABLE_MODULES = YES;
				CLANG_ENABLE_OBJC_ARC = YES;
				CLANG_ENABLE_OBJC_WEAK = YES;
				CLANG_WARN_BLOCK_CAPTURE_AUTORELEASING = YES;
				CLANG_WARN_BOOL_CONVERSION = YES;
				CLANG_WARN_COMMA = YES;
				CLANG_WARN_CONSTANT_CONVERSION = YES;
				CLANG_WARN_DEPRECATED_OBJC_IMPLEMENTATIONS = YES;
				CLANG_WARN_DIRECT_OBJC_ISA_USAGE = YES_ERROR;
				CLANG_WARN_DOCUMENTATION_COMMENTS = YES;
				CLANG_WARN_EMPTY_BODY = YES;
				CLANG_WARN_ENUM_CONVERSION = YES;
				CLANG_WARN_INFINITE_RECURSION = YES;
				CLANG_WARN_INT_CONVERSION = YES;
				CLANG_WARN_NON_LITERAL_NULL_CONVERSION = YES;
				CLANG_WARN_OBJC_IMPLICIT_RETAIN_SELF = YES;
				CLANG_WARN_OBJC_LITERAL_CONVERSION = YES;
				CLANG_WARN_OBJC_ROOT_CLASS = YES_ERROR;
				CLANG_WARN_QUOTED_INCLUDE_IN_FRAMEWORK_HEADER = YES;
				CLANG_WARN_RANGE_LOOP_ANALYSIS = YES;
				CLANG_WARN_STRICT_PROTOTYPES = YES;
				CLANG_WARN_SUSPICIOUS_MOVE = YES;
				CLANG_WARN_UNGUARDED_AVAILABILITY = YES_AGGRESSIVE;
				CLANG_WARN_UNREACHABLE_CODE = YES;
				CLANG_WARN__DUPLICATE_METHOD_MATCH = YES;
				COPY_PHASE_STRIP = NO;
				DEBUG_INFORMATION_FORMAT = dwarf;
				DEVELOPMENT_TEAM = MXWN293YHD;
				ENABLE_STRICT_OBJC_MSGSEND = YES;
				ENABLE_TESTABILITY = YES;
				ENABLE_USER_SCRIPT_SANDBOXING = YES;
				GCC_C_LANGUAGE_STANDARD = gnu17;
				GCC_DYNAMIC_NO_PIC = NO;
				GCC_NO_COMMON_BLOCKS = YES;
				GCC_OPTIMIZATION_LEVEL = 0;
				GCC_PREPROCESSOR_DEFINITIONS = (
					"DEBUG=1",
					"$(inherited)",
				);
				GCC_WARN_64_TO_32_BIT_CONVERSION = YES;
				GCC_WARN_ABOUT_RETURN_TYPE = YES_ERROR;
				GCC_WARN_UNDECLARED_SELECTOR = YES;
				GCC_WARN_UNINITIALIZED_AUTOS = YES_AGGRESSIVE;
				GCC_WARN_UNUSED_FUNCTION = YES;
				GCC_WARN_UNUSED_VARIABLE = YES;
				LOCALIZATION_PREFERS_STRING_CATALOGS = YES;
				MTL_ENABLE_DEBUG_INFO = INCLUDE_SOURCE;
				MTL_FAST_MATH = YES;
				ONLY_ACTIVE_ARCH = YES;
				SWIFT_ACTIVE_COMPILATION_CONDITIONS = "DEBUG $(inherited)";
				SWIFT_OPTIMIZATION_LEVEL = "-Onone";
			};
			name = Debug;
		};
		BB1C96812FEC730000ABE0FA /* Release */ = {
			isa = XCBuildConfiguration;
			buildSettings = {
				ALWAYS_SEARCH_USER_PATHS = NO;
				ASSETCATALOG_COMPILER_GENERATE_SWIFT_ASSET_SYMBOL_EXTENSIONS = YES;
				CLANG_ANALYZER_NONNULL = YES;
				CLANG_ANALYZER_NUMBER_OBJECT_CONVERSION = YES_AGGRESSIVE;
				CLANG_CXX_LANGUAGE_STANDARD = "gnu++20";
				CLANG_ENABLE_MODULES = YES;
				CLANG_ENABLE_OBJC_ARC = YES;
				CLANG_ENABLE_OBJC_WEAK = YES;
				CLANG_WARN_BLOCK_CAPTURE_AUTORELEASING = YES;
				CLANG_WARN_BOOL_CONVERSION = YES;
				CLANG_WARN_COMMA = YES;
				CLANG_WARN_CONSTANT_CONVERSION = YES;
				CLANG_WARN_DEPRECATED_OBJC_IMPLEMENTATIONS = YES;
				CLANG_WARN_DIRECT_OBJC_ISA_USAGE = YES_ERROR;
				CLANG_WARN_DOCUMENTATION_COMMENTS = YES;
				CLANG_WARN_EMPTY_BODY = YES;
				CLANG_WARN_ENUM_CONVERSION = YES;
				CLANG_WARN_INFINITE_RECURSION = YES;
				CLANG_WARN_INT_CONVERSION = YES;
				CLANG_WARN_NON_LITERAL_NULL_CONVERSION = YES;
				CLANG_WARN_OBJC_IMPLICIT_RETAIN_SELF = YES;
				CLANG_WARN_OBJC_LITERAL_CONVERSION = YES;
				CLANG_WARN_OBJC_ROOT_CLASS = YES_ERROR;
				CLANG_WARN_QUOTED_INCLUDE_IN_FRAMEWORK_HEADER = YES;
				CLANG_WARN_RANGE_LOOP_ANALYSIS = YES;
				CLANG_WARN_STRICT_PROTOTYPES = YES;
				CLANG_WARN_SUSPICIOUS_MOVE = YES;
				CLANG_WARN_UNGUARDED_AVAILABILITY = YES_AGGRESSIVE;
				CLANG_WARN_UNREACHABLE_CODE = YES;
				CLANG_WARN__DUPLICATE_METHOD_MATCH = YES;
				COPY_PHASE_STRIP = NO;
				DEBUG_INFORMATION_FORMAT = "dwarf-with-dsym";
				DEVELOPMENT_TEAM = MXWN293YHD;
				ENABLE_NS_ASSERTIONS = NO;
				ENABLE_STRICT_OBJC_MSGSEND = YES;
				ENABLE_USER_SCRIPT_SANDBOXING = YES;
				GCC_C_LANGUAGE_STANDARD = gnu17;
				GCC_NO_COMMON_BLOCKS = YES;
				GCC_WARN_64_TO_32_BIT_CONVERSION = YES;
				GCC_WARN_ABOUT_RETURN_TYPE = YES_ERROR;
				GCC_WARN_UNDECLARED_SELECTOR = YES;
				GCC_WARN_UNINITIALIZED_AUTOS = YES_AGGRESSIVE;
				GCC_WARN_UNUSED_FUNCTION = YES;
				GCC_WARN_UNUSED_VARIABLE = YES;
				LOCALIZATION_PREFERS_STRING_CATALOGS = YES;
				MTL_ENABLE_DEBUG_INFO = NO;
				MTL_FAST_MATH = YES;
				SWIFT_COMPILATION_MODE = wholemodule;
			};
			name = Release;
		};
		BB1C96832FEC730000ABE0FA /* Debug */ = {
			isa = XCBuildConfiguration;
			buildSettings = {
				ASSETCATALOG_COMPILER_APPICON_NAME = AppIcon;
				ASSETCATALOG_COMPILER_GLOBAL_ACCENT_COLOR_NAME = AccentColor;
				CODE_SIGN_ENTITLEMENTS = MemoryEcho/MemoryEcho.entitlements;
				CODE_SIGN_STYLE = Automatic;
				CURRENT_PROJECT_VERSION = 1;
				DEVELOPMENT_TEAM = MXWN293YHD;
				ENABLE_APP_SANDBOX = YES;
				ENABLE_HARDENED_RUNTIME = YES;
				ENABLE_PREVIEWS = YES;
				ENABLE_USER_SELECTED_FILES = readonly;
				GENERATE_INFOPLIST_FILE = YES;
				"INFOPLIST_KEY_UIApplicationSceneManifest_Generation[sdk=iphoneos*]" = YES;
				"INFOPLIST_KEY_UIApplicationSceneManifest_Generation[sdk=iphonesimulator*]" = YES;
				"INFOPLIST_KEY_UIApplicationSupportsIndirectInputEvents[sdk=iphoneos*]" = YES;
				"INFOPLIST_KEY_UIApplicationSupportsIndirectInputEvents[sdk=iphonesimulator*]" = YES;
				"INFOPLIST_KEY_UILaunchScreen_Generation[sdk=iphoneos*]" = YES;
				"INFOPLIST_KEY_UILaunchScreen_Generation[sdk=iphonesimulator*]" = YES;
				"INFOPLIST_KEY_UIStatusBarStyle[sdk=iphoneos*]" = UIStatusBarStyleDefault;
				"INFOPLIST_KEY_UIStatusBarStyle[sdk=iphonesimulator*]" = UIStatusBarStyleDefault;
				INFOPLIST_KEY_UISupportedInterfaceOrientations_iPad = "UIInterfaceOrientationPortrait UIInterfaceOrientationPortraitUpsideDown UIInterfaceOrientationLandscapeLeft UIInterfaceOrientationLandscapeRight";
				INFOPLIST_KEY_UISupportedInterfaceOrientations_iPhone = "UIInterfaceOrientationPortrait UIInterfaceOrientationLandscapeLeft UIInterfaceOrientationLandscapeRight";
				IPHONEOS_DEPLOYMENT_TARGET = 26.5;
				LD_RUNPATH_SEARCH_PATHS = "@executable_path/Frameworks";
				"LD_RUNPATH_SEARCH_PATHS[sdk=macosx*]" = "@executable_path/../Frameworks";
				MACOSX_DEPLOYMENT_TARGET = 26.5;
				MARKETING_VERSION = 1.0;
				PRODUCT_BUNDLE_IDENTIFIER = org.mattnitzken.MemoryEcho;
				PRODUCT_NAME = "$(TARGET_NAME)";
				REGISTER_APP_GROUPS = YES;
				SDKROOT = auto;
				STRING_CATALOG_GENERATE_SYMBOLS = YES;
				SUPPORTED_PLATFORMS = "iphoneos iphonesimulator";
				SWIFT_APPROACHABLE_CONCURRENCY = YES;
				SWIFT_DEFAULT_ACTOR_ISOLATION = MainActor;
				SWIFT_EMIT_LOC_STRINGS = YES;
				SWIFT_UPCOMING_FEATURE_MEMBER_IMPORT_VISIBILITY = YES;
				SWIFT_VERSION = 5.0;
				TARGETED_DEVICE_FAMILY = 1;
				XROS_DEPLOYMENT_TARGET = 26.5;
			};
			name = Debug;
		};
		BB1C96842FEC730000ABE0FA /* Release */ = {
			isa = XCBuildConfiguration;
			buildSettings = {
				ASSETCATALOG_COMPILER_APPICON_NAME = AppIcon;
				ASSETCATALOG_COMPILER_GLOBAL_ACCENT_COLOR_NAME = AccentColor;
				CODE_SIGN_ENTITLEMENTS = MemoryEcho/MemoryEcho.entitlements;
				CODE_SIGN_STYLE = Automatic;
				CURRENT_PROJECT_VERSION = 1;
				DEVELOPMENT_TEAM = MXWN293YHD;
				ENABLE_APP_SANDBOX = YES;
				ENABLE_HARDENED_RUNTIME = YES;
				ENABLE_PREVIEWS = YES;
				ENABLE_USER_SELECTED_FILES = readonly;
				GENERATE_INFOPLIST_FILE = YES;
				"INFOPLIST_KEY_UIApplicationSceneManifest_Generation[sdk=iphoneos*]" = YES;
				"INFOPLIST_KEY_UIApplicationSceneManifest_Generation[sdk=iphonesimulator*]" = YES;
				"INFOPLIST_KEY_UIApplicationSupportsIndirectInputEvents[sdk=iphoneos*]" = YES;
				"INFOPLIST_KEY_UIApplicationSupportsIndirectInputEvents[sdk=iphonesimulator*]" = YES;
				"INFOPLIST_KEY_UILaunchScreen_Generation[sdk=iphoneos*]" = YES;
				"INFOPLIST_KEY_UILaunchScreen_Generation[sdk=iphonesimulator*]" = YES;
				"INFOPLIST_KEY_UIStatusBarStyle[sdk=iphoneos*]" = UIStatusBarStyleDefault;
				"INFOPLIST_KEY_UIStatusBarStyle[sdk=iphonesimulator*]" = UIStatusBarStyleDefault;
				INFOPLIST_KEY_UISupportedInterfaceOrientations_iPad = "UIInterfaceOrientationPortrait UIInterfaceOrientationPortraitUpsideDown UIInterfaceOrientationLandscapeLeft UIInterfaceOrientationLandscapeRight";
				INFOPLIST_KEY_UISupportedInterfaceOrientations_iPhone = "UIInterfaceOrientationPortrait UIInterfaceOrientationLandscapeLeft UIInterfaceOrientationLandscapeRight";
				IPHONEOS_DEPLOYMENT_TARGET = 26.5;
				LD_RUNPATH_SEARCH_PATHS = "@executable_path/Frameworks";
				"LD_RUNPATH_SEARCH_PATHS[sdk=macosx*]" = "@executable_path/../Frameworks";
				MACOSX_DEPLOYMENT_TARGET = 26.5;
				MARKETING_VERSION = 1.0;
				PRODUCT_BUNDLE_IDENTIFIER = org.mattnitzken.MemoryEcho;
				PRODUCT_NAME = "$(TARGET_NAME)";
				REGISTER_APP_GROUPS = YES;
				SDKROOT = auto;
				STRING_CATALOG_GENERATE_SYMBOLS = YES;
				SUPPORTED_PLATFORMS = "iphoneos iphonesimulator";
				SWIFT_APPROACHABLE_CONCURRENCY = YES;
				SWIFT_DEFAULT_ACTOR_ISOLATION = MainActor;
				SWIFT_EMIT_LOC_STRINGS = YES;
				SWIFT_UPCOMING_FEATURE_MEMBER_IMPORT_VISIBILITY = YES;
				SWIFT_VERSION = 5.0;
				TARGETED_DEVICE_FAMILY = 1;
				XROS_DEPLOYMENT_TARGET = 26.5;
			};
			name = Release;
		};
		BB1C96862FEC730000ABE0FA /* Debug */ = {
			isa = XCBuildConfiguration;
			buildSettings = {
				CODE_SIGN_STYLE = Automatic;
				CURRENT_PROJECT_VERSION = 1;
				DEVELOPMENT_TEAM = MXWN293YHD;
				GENERATE_INFOPLIST_FILE = YES;
				IPHONEOS_DEPLOYMENT_TARGET = 26.5;
				MACOSX_DEPLOYMENT_TARGET = 26.5;
				MARKETING_VERSION = 1.0;
				PRODUCT_BUNDLE_IDENTIFIER = org.mattnitzken.MemoryEchoTests;
				PRODUCT_NAME = "$(TARGET_NAME)";
				SDKROOT = auto;
				STRING_CATALOG_GENERATE_SYMBOLS = NO;
				SUPPORTED_PLATFORMS = "iphoneos iphonesimulator";
				SWIFT_APPROACHABLE_CONCURRENCY = YES;
				SWIFT_EMIT_LOC_STRINGS = NO;
				SWIFT_UPCOMING_FEATURE_MEMBER_IMPORT_VISIBILITY = YES;
				SWIFT_VERSION = 5.0;
				TARGETED_DEVICE_FAMILY = 1;
				XROS_DEPLOYMENT_TARGET = 26.5;
			};
			name = Debug;
		};
		BB1C96872FEC730000ABE0FA /* Release */ = {
			isa = XCBuildConfiguration;
			buildSettings = {
				CODE_SIGN_STYLE = Automatic;
				CURRENT_PROJECT_VERSION = 1;
				DEVELOPMENT_TEAM = MXWN293YHD;
				GENERATE_INFOPLIST_FILE = YES;
				IPHONEOS_DEPLOYMENT_TARGET = 26.5;
				MACOSX_DEPLOYMENT_TARGET = 26.5;
				MARKETING_VERSION = 1.0;
				PRODUCT_BUNDLE_IDENTIFIER = org.mattnitzken.MemoryEchoTests;
				PRODUCT_NAME = "$(TARGET_NAME)";
				SDKROOT = auto;
				STRING_CATALOG_GENERATE_SYMBOLS = NO;
				SUPPORTED_PLATFORMS = "iphoneos iphonesimulator";
				SWIFT_APPROACHABLE_CONCURRENCY = YES;
				SWIFT_EMIT_LOC_STRINGS = NO;
				SWIFT_UPCOMING_FEATURE_MEMBER_IMPORT_VISIBILITY = YES;
				SWIFT_VERSION = 5.0;
				TARGETED_DEVICE_FAMILY = 1;
				XROS_DEPLOYMENT_TARGET = 26.5;
			};
			name = Release;
		};
		BB1C96892FEC730000ABE0FA /* Debug */ = {
			isa = XCBuildConfiguration;
			buildSettings = {
				CODE_SIGN_STYLE = Automatic;
				CURRENT_PROJECT_VERSION = 1;
				DEVELOPMENT_TEAM = MXWN293YHD;
				GENERATE_INFOPLIST_FILE = YES;
				IPHONEOS_DEPLOYMENT_TARGET = 26.5;
				MACOSX_DEPLOYMENT_TARGET = 26.5;
				MARKETING_VERSION = 1.0;
				PRODUCT_BUNDLE_IDENTIFIER = org.mattnitzken.MemoryEchoUITests;
				PRODUCT_NAME = "$(TARGET_NAME)";
				SDKROOT = auto;
				STRING_CATALOG_GENERATE_SYMBOLS = NO;
				SUPPORTED_PLATFORMS = "iphoneos iphonesimulator";
				SWIFT_APPROACHABLE_CONCURRENCY = YES;
				SWIFT_EMIT_LOC_STRINGS = NO;
				SWIFT_UPCOMING_FEATURE_MEMBER_IMPORT_VISIBILITY = YES;
				SWIFT_VERSION = 5.0;
				TARGETED_DEVICE_FAMILY = 1;
				TEST_TARGET_NAME = MemoryEcho;
				XROS_DEPLOYMENT_TARGET = 26.5;
			};
			name = Debug;
		};
		BB1C968A2FEC730000ABE0FA /* Release */ = {
			isa = XCBuildConfiguration;
			buildSettings = {
				CODE_SIGN_STYLE = Automatic;
				CURRENT_PROJECT_VERSION = 1;
				DEVELOPMENT_TEAM = MXWN293YHD;
				GENERATE_INFOPLIST_FILE = YES;
				IPHONEOS_DEPLOYMENT_TARGET = 26.5;
				MACOSX_DEPLOYMENT_TARGET = 26.5;
				MARKETING_VERSION = 1.0;
				PRODUCT_BUNDLE_IDENTIFIER = org.mattnitzken.MemoryEchoUITests;
				PRODUCT_NAME = "$(TARGET_NAME)";
				SDKROOT = auto;
				STRING_CATALOG_GENERATE_SYMBOLS = NO;
				SUPPORTED_PLATFORMS = "iphoneos iphonesimulator";
				SWIFT_APPROACHABLE_CONCURRENCY = YES;
				SWIFT_EMIT_LOC_STRINGS = NO;
				SWIFT_UPCOMING_FEATURE_MEMBER_IMPORT_VISIBILITY = YES;
				SWIFT_VERSION = 5.0;
				TARGETED_DEVICE_FAMILY = 1;
				TEST_TARGET_NAME = MemoryEcho;
				XROS_DEPLOYMENT_TARGET = 26.5;
			};
			name = Release;
		};
/* End XCBuildConfiguration section */

/* Begin XCConfigurationList section */
		1C87C2226DC787655BE2609A /* Build configuration list for PBXNativeTarget "MemoryEchoWidget" */ = {
			isa = XCConfigurationList;
			buildConfigurations = (
				199A851AA016777C066A4E34 /* Release */,
				A1E67DFF8FCF66D9511684CF /* Debug */,
			);
			defaultConfigurationIsVisible = 0;
			defaultConfigurationName = Release;
		};
		BB1C965A2FEC72FF00ABE0FA /* Build configuration list for PBXProject "MemoryEcho" */ = {
			isa = XCConfigurationList;
			buildConfigurations = (
				BB1C96802FEC730000ABE0FA /* Debug */,
				BB1C96812FEC730000ABE0FA /* Release */,
			);
			defaultConfigurationIsVisible = 0;
			defaultConfigurationName = Release;
		};
		BB1C96822FEC730000ABE0FA /* Build configuration list for PBXNativeTarget "MemoryEcho" */ = {
			isa = XCConfigurationList;
			buildConfigurations = (
				BB1C96832FEC730000ABE0FA /* Debug */,
				BB1C96842FEC730000ABE0FA /* Release */,
			);
			defaultConfigurationIsVisible = 0;
			defaultConfigurationName = Release;
		};
		BB1C96852FEC730000ABE0FA /* Build configuration list for PBXNativeTarget "MemoryEchoTests" */ = {
			isa = XCConfigurationList;
			buildConfigurations = (
				BB1C96862FEC730000ABE0FA /* Debug */,
				BB1C96872FEC730000ABE0FA /* Release */,
			);
			defaultConfigurationIsVisible = 0;
			defaultConfigurationName = Release;
		};
		BB1C96882FEC730000ABE0FA /* Build configuration list for PBXNativeTarget "MemoryEchoUITests" */ = {
			isa = XCConfigurationList;
			buildConfigurations = (
				BB1C96892FEC730000ABE0FA /* Debug */,
				BB1C968A2FEC730000ABE0FA /* Release */,
			);
			defaultConfigurationIsVisible = 0;
			defaultConfigurationName = Release;
		};
/* End XCConfigurationList section */

/* Begin XCLocalSwiftPackageReference section */
		D06247D27159D91F81C0EEC6 /* XCLocalSwiftPackageReference "MemoryEchoCore" */ = {
			isa = XCLocalSwiftPackageReference;
			relativePath = MemoryEchoCore;
		};
/* End XCLocalSwiftPackageReference section */

/* Begin XCSwiftPackageProductDependency section */
		2CB18D2066C98A703DDF84B3 /* MemoryEchoCore */ = {
			isa = XCSwiftPackageProductDependency;
			package = D06247D27159D91F81C0EEC6 /* XCLocalSwiftPackageReference "MemoryEchoCore" */;
			productName = MemoryEchoCore;
		};
		5F4B5E36EEF3D382098E3575 /* MemoryEchoCore */ = {
			isa = XCSwiftPackageProductDependency;
			package = D06247D27159D91F81C0EEC6 /* XCLocalSwiftPackageReference "MemoryEchoCore" */;
			productName = MemoryEchoCore;
		};
		778AC8C0EAE7CBFE63B0CFE8 /* MemoryEchoCore */ = {
			isa = XCSwiftPackageProductDependency;
			package = D06247D27159D91F81C0EEC6 /* XCLocalSwiftPackageReference "MemoryEchoCore" */;
			productName = MemoryEchoCore;
		};
/* End XCSwiftPackageProductDependency section */
	};
	rootObject = BB1C96572FEC72FF00ABE0FA /* Project object */;
}
